
Microsoft Visual Studio Solution File, Format Version 12.00
# Visual Studio Version 17
VisualStudioVersion = 17.11.35219.272
MinimumVisualStudioVersion = 10.0.40219.1
Project("{9A19103F-16F7-4668-BE54-9A1E7A4F7556}") = "ApiSalesPrediction", "ApiSalesPrediction\ApiSalesPrediction.csproj", "{141BC504-8FC3-467D-BBFE-7325A8F09165}"
EndProject
Project("{FAE04EC0-301F-11D3-BF4B-00C04F79EFBC}") = "models", "models\models.csproj", "{B63D9F78-0D05-419F-9320-FEF6D0C4F6BC}"
EndProject
Global
	GlobalSection(SolutionConfigurationPlatforms) = preSolution
		Debug|Any CPU = Debug|Any CPU
		Release|Any CPU = Release|Any CPU
	EndGlobalSection
	GlobalSection(ProjectConfigurationPlatforms) = postSolution
		{141BC504-8FC3-467D-BBFE-7325A8F09165}.Debug|Any CPU.ActiveCfg = Debug|Any CPU
		{141BC504-8FC3-467D-BBFE-7325A8F09165}.Debug|Any CPU.Build.0 = Debug|Any CPU
		{141BC504-8FC3-467D-BBFE-7325A8F09165}.Release|Any CPU.ActiveCfg = Release|Any CPU
		{141BC504-8FC3-467D-BBFE-7325A8F09165}.Release|Any CPU.Build.0 = Release|Any CPU
		{B63D9F78-0D05-419F-9320-FEF6D0C4F6BC}.Debug|Any CPU.ActiveCfg = Debug|Any CPU
		{B63D9F78-0D05-419F-9320-FEF6D0C4F6BC}.Debug|Any CPU.Build.0 = Debug|Any CPU
		{B63D9F78-0D05-419F-9320-FEF6D0C4F6BC}.Release|Any CPU.ActiveCfg = Release|Any CPU
		{B63D9F78-0D05-419F-9320-FEF6D0C4F6BC}.Release|Any CPU.Build.0 = Release|Any CPU
	EndGlobalSection
	GlobalSection(SolutionProperties) = preSolution
		HideSolutionNode = FALSE
	EndGlobalSection
	GlobalSection(ExtensibilityGlobals) = postSolution
		SolutionGuid = {4EBD5C73-99CB-4933-8371-CB609842B126}
	EndGlobalSection
EndGlobal
